
Microsoft Visual Studio Solution File, Format Version 12.00
# Visual Studio Version 17
VisualStudioVersion = 17.9.34723.18
MinimumVisualStudioVersion = 10.0.40219.1
Project("{FAE04EC0-301F-11D3-BF4B-00C04F79EFBC}") = "Practica 2", "Practica 2\Practica 2.csproj", "{67CCC309-2B96-448E-BDE2-6498A722E17B}"
EndProject
Global
	GlobalSection(SolutionConfigurationPlatforms) = preSolution
		Debug|Any CPU = Debug|Any CPU
		Release|Any CPU = Release|Any CPU
	EndGlobalSection
	GlobalSection(ProjectConfigurationPlatforms) = postSolution
		{67CCC309-2B96-448E-BDE2-6498A722E17B}.Debug|Any CPU.ActiveCfg = Debug|Any CPU
		{67CCC309-2B96-448E-BDE2-6498A722E17B}.Debug|Any CPU.Build.0 = Debug|Any CPU
		{67CCC309-2B96-448E-BDE2-6498A722E17B}.Release|Any CPU.ActiveCfg = Release|Any CPU
		{67CCC309-2B96-448E-BDE2-6498A722E17B}.Release|Any CPU.Build.0 = Release|Any CPU
	EndGlobalSection
	GlobalSection(SolutionProperties) = preSolution
		HideSolutionNode = FALSE
	EndGlobalSection
	GlobalSection(ExtensibilityGlobals) = postSolution
		SolutionGuid = {183F2531-D09C-4B02-9F44-F00938710D91}
	EndGlobalSection
EndGlobal
